
Microsoft Visual Studio Solution File, Format Version 12.00
# Visual Studio Version 16
VisualStudioVersion = 16.0.34031.81
MinimumVisualStudioVersion = 10.0.40219.1
Project("{FAE04EC0-301F-11D3-BF4B-00C04F79EFBC}") = "DataAccess", "DataAccess\DataAccess.csproj", "{27D25DC1-C281-4F15-8175-6E8A15A604B2}"
EndProject
Project("{FAE04EC0-301F-11D3-BF4B-00C04F79EFBC}") = "Business", "Business\Business.csproj", "{16272F0D-34AC-4F61-914B-BDBDE2FD91C4}"
EndProject
Project("{FAE04EC0-301F-11D3-BF4B-00C04F79EFBC}") = "Entities", "Entities\Entities.csproj", "{F90CE2C1-848C-4178-8B67-67B55DF41CB7}"
EndProject
Project("{FAE04EC0-301F-11D3-BF4B-00C04F79EFBC}") = "ConsoleUI", "ConsoleUI\ConsoleUI.csproj", "{B44D164B-1D6D-474B-ACEC-3C22D9392F0E}"
EndProject
Global
	GlobalSection(SolutionConfigurationPlatforms) = preSolution
		Debug|Any CPU = Debug|Any CPU
		Release|Any CPU = Release|Any CPU
	EndGlobalSection
	GlobalSection(ProjectConfigurationPlatforms) = postSolution
		{27D25DC1-C281-4F15-8175-6E8A15A604B2}.Debug|Any CPU.ActiveCfg = Debug|Any CPU
		{27D25DC1-C281-4F15-8175-6E8A15A604B2}.Debug|Any CPU.Build.0 = Debug|Any CPU
		{27D25DC1-C281-4F15-8175-6E8A15A604B2}.Release|Any CPU.ActiveCfg = Release|Any CPU
		{27D25DC1-C281-4F15-8175-6E8A15A604B2}.Release|Any CPU.Build.0 = Release|Any CPU
		{16272F0D-34AC-4F61-914B-BDBDE2FD91C4}.Debug|Any CPU.ActiveCfg = Debug|Any CPU
		{16272F0D-34AC-4F61-914B-BDBDE2FD91C4}.Debug|Any CPU.Build.0 = Debug|Any CPU
		{16272F0D-34AC-4F61-914B-BDBDE2FD91C4}.Release|Any CPU.ActiveCfg = Release|Any CPU
		{16272F0D-34AC-4F61-914B-BDBDE2FD91C4}.Release|Any CPU.Build.0 = Release|Any CPU
		{F90CE2C1-848C-4178-8B67-67B55DF41CB7}.Debug|Any CPU.ActiveCfg = Debug|Any CPU
		{F90CE2C1-848C-4178-8B67-67B55DF41CB7}.Debug|Any CPU.Build.0 = Debug|Any CPU
		{F90CE2C1-848C-4178-8B67-67B55DF41CB7}.Release|Any CPU.ActiveCfg = Release|Any CPU
		{F90CE2C1-848C-4178-8B67-67B55DF41CB7}.Release|Any CPU.Build.0 = Release|Any CPU
		{B44D164B-1D6D-474B-ACEC-3C22D9392F0E}.Debug|Any CPU.ActiveCfg = Debug|Any CPU
		{B44D164B-1D6D-474B-ACEC-3C22D9392F0E}.Debug|Any CPU.Build.0 = Debug|Any CPU
		{B44D164B-1D6D-474B-ACEC-3C22D9392F0E}.Release|Any CPU.ActiveCfg = Release|Any CPU
		{B44D164B-1D6D-474B-ACEC-3C22D9392F0E}.Release|Any CPU.Build.0 = Release|Any CPU
	EndGlobalSection
	GlobalSection(SolutionProperties) = preSolution
		HideSolutionNode = FALSE
	EndGlobalSection
	GlobalSection(ExtensibilityGlobals) = postSolution
		SolutionGuid = {F246BC24-2B9B-46A9-ACDF-552AF906F11E}
	EndGlobalSection
EndGlobal
